{
  "name": "miniprogram",
  "version": "1.0.0",
  "lockfileVersion": 1,
  "requires": true,
  "dependencies": {
    "vant-weapp": {
      "version": "0.5.8",
      "resolved": "https://registry.npmjs.org/vant-weapp/-/vant-weapp-0.5.8.tgz",
      "integrity": "sha512-wDJxX3BhMfxlqgRuC98/GrcpWCHWrOmAUTA9dJnJPS0o7VbUcXgIHC1wd4CdDLx5altjUdFIjgtRJTVF9e82Rw=="
    },
    "wuss-weapp": {
      "version": "2.1.3",
      "resolved": "https://registry.npmjs.org/wuss-weapp/-/wuss-weapp-2.1.3.tgz",
      "integrity": "sha512-EFM0lzIiWBXQjl5q7fyWTCUGV/IGOrQefC5Gz5v7sFGlQSzHbZw4AZ3I1SJDiMEnaOPfPy5NiRLEJGBXITS/Yg=="
    }
  }
}
